
Microsoft Visual Studio Solution File, Format Version 12.00
# Visual Studio 15
VisualStudioVersion = 15.0.28307.1401
MinimumVisualStudioVersion = 10.0.40219.1
Project("{FAE04EC0-301F-11D3-BF4B-00C04F79EFBC}") = "Manager", "Manager\Manager.csproj", "{14E81442-6F9B-4BBA-8203-1C124075F19B}"
EndProject
Project("{FAE04EC0-301F-11D3-BF4B-00C04F79EFBC}") = "test", "test\test.csproj", "{62248A75-0BE7-41DC-BE52-BEB2051C0415}"
EndProject
Project("{FAE04EC0-301F-11D3-BF4B-00C04F79EFBC}") = "Utility", "Utility\Utility.csproj", "{BA9C8385-B3DC-4467-9C37-E4301EA875CA}"
EndProject
Global
	GlobalSection(SolutionConfigurationPlatforms) = preSolution
		Debug|Any CPU = Debug|Any CPU
		Release|Any CPU = Release|Any CPU
	EndGlobalSection
	GlobalSection(ProjectConfigurationPlatforms) = postSolution
		{14E81442-6F9B-4BBA-8203-1C124075F19B}.Debug|Any CPU.ActiveCfg = Debug|Any CPU
		{14E81442-6F9B-4BBA-8203-1C124075F19B}.Debug|Any CPU.Build.0 = Debug|Any CPU
		{14E81442-6F9B-4BBA-8203-1C124075F19B}.Release|Any CPU.ActiveCfg = Release|Any CPU
		{14E81442-6F9B-4BBA-8203-1C124075F19B}.Release|Any CPU.Build.0 = Release|Any CPU
		{62248A75-0BE7-41DC-BE52-BEB2051C0415}.Debug|Any CPU.ActiveCfg = Debug|Any CPU
		{62248A75-0BE7-41DC-BE52-BEB2051C0415}.Debug|Any CPU.Build.0 = Debug|Any CPU
		{62248A75-0BE7-41DC-BE52-BEB2051C0415}.Release|Any CPU.ActiveCfg = Release|Any CPU
		{62248A75-0BE7-41DC-BE52-BEB2051C0415}.Release|Any CPU.Build.0 = Release|Any CPU
		{BA9C8385-B3DC-4467-9C37-E4301EA875CA}.Debug|Any CPU.ActiveCfg = Debug|Any CPU
		{BA9C8385-B3DC-4467-9C37-E4301EA875CA}.Debug|Any CPU.Build.0 = Debug|Any CPU
		{BA9C8385-B3DC-4467-9C37-E4301EA875CA}.Release|Any CPU.ActiveCfg = Release|Any CPU
		{BA9C8385-B3DC-4467-9C37-E4301EA875CA}.Release|Any CPU.Build.0 = Release|Any CPU
	EndGlobalSection
	GlobalSection(SolutionProperties) = preSolution
		HideSolutionNode = FALSE
	EndGlobalSection
	GlobalSection(ExtensibilityGlobals) = postSolution
		SolutionGuid = {A378813E-8C57-459D-BBF7-703B81BD9A4E}
	EndGlobalSection
EndGlobal
